
Microsoft Visual Studio Solution File, Format Version 12.00
# Visual Studio 15
VisualStudioVersion = 15.0.27428.2037
MinimumVisualStudioVersion = 10.0.40219.1
Project("{FAE04EC0-301F-11D3-BF4B-00C04F79EFBC}") = "MotorDeportByDima.Web", "MotorDeportByDima\MotorDeportByDima.Web.csproj", "{CE721561-388F-486E-96BA-45C88EC1923F}"
EndProject
Project("{FAE04EC0-301F-11D3-BF4B-00C04F79EFBC}") = "MotorDeportByDima.Tests", "MotorDeportByDima.Tests\MotorDeportByDima.Tests.csproj", "{02FBCA45-B764-4AEF-A155-7CB8349E41C7}"
EndProject
Project("{FAE04EC0-301F-11D3-BF4B-00C04F79EFBC}") = "MotorDeportByDima.Service", "MotorDeportByDima.Service\MotorDeportByDima.Service.csproj", "{33FCB55B-5841-4F72-946F-029193547590}"
EndProject
Project("{FAE04EC0-301F-11D3-BF4B-00C04F79EFBC}") = "MotorDeportByDima.Meneger", "MotorDeportByDima.Meneger\MotorDeportByDima.Meneger.csproj", "{6F1DD2A5-C9BF-44F7-81F1-F6355DEC0CD8}"
EndProject
Global
	GlobalSection(SolutionConfigurationPlatforms) = preSolution
		Debug|Any CPU = Debug|Any CPU
		Release|Any CPU = Release|Any CPU
	EndGlobalSection
	GlobalSection(ProjectConfigurationPlatforms) = postSolution
		{CE721561-388F-486E-96BA-45C88EC1923F}.Debug|Any CPU.ActiveCfg = Debug|Any CPU
		{CE721561-388F-486E-96BA-45C88EC1923F}.Debug|Any CPU.Build.0 = Debug|Any CPU
		{CE721561-388F-486E-96BA-45C88EC1923F}.Release|Any CPU.ActiveCfg = Release|Any CPU
		{CE721561-388F-486E-96BA-45C88EC1923F}.Release|Any CPU.Build.0 = Release|Any CPU
		{02FBCA45-B764-4AEF-A155-7CB8349E41C7}.Debug|Any CPU.ActiveCfg = Debug|Any CPU
		{02FBCA45-B764-4AEF-A155-7CB8349E41C7}.Debug|Any CPU.Build.0 = Debug|Any CPU
		{02FBCA45-B764-4AEF-A155-7CB8349E41C7}.Release|Any CPU.ActiveCfg = Release|Any CPU
		{02FBCA45-B764-4AEF-A155-7CB8349E41C7}.Release|Any CPU.Build.0 = Release|Any CPU
		{33FCB55B-5841-4F72-946F-029193547590}.Debug|Any CPU.ActiveCfg = Debug|Any CPU
		{33FCB55B-5841-4F72-946F-029193547590}.Debug|Any CPU.Build.0 = Debug|Any CPU
		{33FCB55B-5841-4F72-946F-029193547590}.Release|Any CPU.ActiveCfg = Release|Any CPU
		{33FCB55B-5841-4F72-946F-029193547590}.Release|Any CPU.Build.0 = Release|Any CPU
		{6F1DD2A5-C9BF-44F7-81F1-F6355DEC0CD8}.Debug|Any CPU.ActiveCfg = Debug|Any CPU
		{6F1DD2A5-C9BF-44F7-81F1-F6355DEC0CD8}.Debug|Any CPU.Build.0 = Debug|Any CPU
		{6F1DD2A5-C9BF-44F7-81F1-F6355DEC0CD8}.Release|Any CPU.ActiveCfg = Release|Any CPU
		{6F1DD2A5-C9BF-44F7-81F1-F6355DEC0CD8}.Release|Any CPU.Build.0 = Release|Any CPU
	EndGlobalSection
	GlobalSection(SolutionProperties) = preSolution
		HideSolutionNode = FALSE
	EndGlobalSection
	GlobalSection(ExtensibilityGlobals) = postSolution
		SolutionGuid = {035532C4-DF82-4ADC-99BF-D04C5EA559C9}
	EndGlobalSection
EndGlobal
